
Microsoft Visual Studio Solution File, Format Version 12.00
# Visual Studio Version 17
VisualStudioVersion = 17.6.33815.320
MinimumVisualStudioVersion = 10.0.40219.1
Project("{9A19103F-16F7-4668-BE54-9A1E7A4F7556}") = "LeagueProject", "LeagueProject.csproj", "{F53FFA93-3905-413A-8340-0BE630E8177E}"
EndProject
Global
	GlobalSection(SolutionConfigurationPlatforms) = preSolution
		Debug|Any CPU = Debug|Any CPU
		Release|Any CPU = Release|Any CPU
	EndGlobalSection
	GlobalSection(ProjectConfigurationPlatforms) = postSolution
		{F53FFA93-3905-413A-8340-0BE630E8177E}.Debug|Any CPU.ActiveCfg = Debug|Any CPU
		{F53FFA93-3905-413A-8340-0BE630E8177E}.Debug|Any CPU.Build.0 = Debug|Any CPU
		{F53FFA93-3905-413A-8340-0BE630E8177E}.Release|Any CPU.ActiveCfg = Release|Any CPU
		{F53FFA93-3905-413A-8340-0BE630E8177E}.Release|Any CPU.Build.0 = Release|Any CPU
	EndGlobalSection
	GlobalSection(SolutionProperties) = preSolution
		HideSolutionNode = FALSE
	EndGlobalSection
	GlobalSection(ExtensibilityGlobals) = postSolution
		SolutionGuid = {534AAF35-B167-4548-B589-9B83E6A3F97E}
	EndGlobalSection
EndGlobal
